
Microsoft Visual Studio Solution File, Format Version 12.00
# Visual Studio Version 17
VisualStudioVersion = 17.3.32929.385
MinimumVisualStudioVersion = 10.0.40219.1
Project("{FAE04EC0-301F-11D3-BF4B-00C04F79EFBC}") = "Student testing", "Student testing\Student testing.csproj", "{6DABDD60-7353-40CE-83C9-E157C3D057A1}"
EndProject
Global
	GlobalSection(SolutionConfigurationPlatforms) = preSolution
		Debug|Any CPU = Debug|Any CPU
		Release|Any CPU = Release|Any CPU
	EndGlobalSection
	GlobalSection(ProjectConfigurationPlatforms) = postSolution
		{6DABDD60-7353-40CE-83C9-E157C3D057A1}.Debug|Any CPU.ActiveCfg = Debug|Any CPU
		{6DABDD60-7353-40CE-83C9-E157C3D057A1}.Debug|Any CPU.Build.0 = Debug|Any CPU
		{6DABDD60-7353-40CE-83C9-E157C3D057A1}.Release|Any CPU.ActiveCfg = Release|Any CPU
		{6DABDD60-7353-40CE-83C9-E157C3D057A1}.Release|Any CPU.Build.0 = Release|Any CPU
	EndGlobalSection
	GlobalSection(SolutionProperties) = preSolution
		HideSolutionNode = FALSE
	EndGlobalSection
	GlobalSection(ExtensibilityGlobals) = postSolution
		SolutionGuid = {864CA4B5-CA90-4541-9740-11AAB0A7D462}
	EndGlobalSection
EndGlobal
